
Microsoft Visual Studio Solution File, Format Version 12.00
# Visual Studio 2013
VisualStudioVersion = 12.0.30723.0
MinimumVisualStudioVersion = 10.0.40219.1
Project("{E24C65DC-7377-472B-9ABA-BC803B73C61A}") = "StrataGIS-Web-Reporting", "http://localhost:51315", "{FC79BC93-2E61-4AF2-B073-4AF5EB520049}"
	ProjectSection(WebsiteProperties) = preProject
		UseIISExpress = "true"
		TargetFrameworkMoniker = ".NETFramework,Version%3Dv4.0"
		Debug.AspNetCompiler.VirtualPath = "/localhost_51315"
		Debug.AspNetCompiler.PhysicalPath = "..\..\..\..\Dropbox\Carreer\RA Consultants\Projects\StrataGIS-Web-Reporting\"
		Debug.AspNetCompiler.TargetPath = "PrecompiledWeb\localhost_51315\"
		Debug.AspNetCompiler.Updateable = "true"
		Debug.AspNetCompiler.ForceOverwrite = "true"
		Debug.AspNetCompiler.FixedNames = "false"
		Debug.AspNetCompiler.Debug = "True"
		Release.AspNetCompiler.VirtualPath = "/localhost_51315"
		Release.AspNetCompiler.PhysicalPath = "..\..\..\..\Dropbox\Carreer\RA Consultants\Projects\StrataGIS-Web-Reporting\"
		Release.AspNetCompiler.TargetPath = "PrecompiledWeb\localhost_51315\"
		Release.AspNetCompiler.Updateable = "true"
		Release.AspNetCompiler.ForceOverwrite = "true"
		Release.AspNetCompiler.FixedNames = "false"
		Release.AspNetCompiler.Debug = "False"
		SlnRelativePath = "..\..\..\..\Dropbox\Carreer\RA Consultants\Projects\StrataGIS-Web-Reporting\"
	EndProjectSection
EndProject
Global
	GlobalSection(SolutionConfigurationPlatforms) = preSolution
		Debug|Any CPU = Debug|Any CPU
	EndGlobalSection
	GlobalSection(ProjectConfigurationPlatforms) = postSolution
		{FC79BC93-2E61-4AF2-B073-4AF5EB520049}.Debug|Any CPU.ActiveCfg = Debug|Any CPU
		{FC79BC93-2E61-4AF2-B073-4AF5EB520049}.Debug|Any CPU.Build.0 = Debug|Any CPU
	EndGlobalSection
	GlobalSection(SolutionProperties) = preSolution
		HideSolutionNode = FALSE
	EndGlobalSection
EndGlobal
